
Microsoft Visual Studio Solution File, Format Version 12.00
# Visual Studio Express 2013 for Windows Desktop
VisualStudioVersion = 12.0.21005.1
MinimumVisualStudioVersion = 10.0.40219.1
Project("{F184B08F-C81C-45F6-A57F-5ABD9991F28F}") = "Falling", "Falling\Falling.vbproj", "{D351BEF3-D327-4D47-89D9-5D9AD47FFB18}"
EndProject
Global
	GlobalSection(SolutionConfigurationPlatforms) = preSolution
		Debug|Any CPU = Debug|Any CPU
		Release|Any CPU = Release|Any CPU
	EndGlobalSection
	GlobalSection(ProjectConfigurationPlatforms) = postSolution
		{D351BEF3-D327-4D47-89D9-5D9AD47FFB18}.Debug|Any CPU.ActiveCfg = Debug|Any CPU
		{D351BEF3-D327-4D47-89D9-5D9AD47FFB18}.Debug|Any CPU.Build.0 = Debug|Any CPU
		{D351BEF3-D327-4D47-89D9-5D9AD47FFB18}.Release|Any CPU.ActiveCfg = Release|Any CPU
		{D351BEF3-D327-4D47-89D9-5D9AD47FFB18}.Release|Any CPU.Build.0 = Release|Any CPU
	EndGlobalSection
	GlobalSection(SolutionProperties) = preSolution
		HideSolutionNode = FALSE
	EndGlobalSection
EndGlobal
